
Microsoft Visual Studio Solution File, Format Version 12.00
# Visual Studio Version 16
VisualStudioVersion = 16.0.34601.136
MinimumVisualStudioVersion = 10.0.40219.1
Project("{FAE04EC0-301F-11D3-BF4B-00C04F79EFBC}") = "Books", "Books\Books.csproj", "{B9D70B0B-857E-45B6-9DF9-78D387D4DD83}"
EndProject
Global
	GlobalSection(SolutionConfigurationPlatforms) = preSolution
		Debug|Any CPU = Debug|Any CPU
		Release|Any CPU = Release|Any CPU
	EndGlobalSection
	GlobalSection(ProjectConfigurationPlatforms) = postSolution
		{B9D70B0B-857E-45B6-9DF9-78D387D4DD83}.Debug|Any CPU.ActiveCfg = Debug|Any CPU
		{B9D70B0B-857E-45B6-9DF9-78D387D4DD83}.Debug|Any CPU.Build.0 = Debug|Any CPU
		{B9D70B0B-857E-45B6-9DF9-78D387D4DD83}.Release|Any CPU.ActiveCfg = Release|Any CPU
		{B9D70B0B-857E-45B6-9DF9-78D387D4DD83}.Release|Any CPU.Build.0 = Release|Any CPU
	EndGlobalSection
	GlobalSection(SolutionProperties) = preSolution
		HideSolutionNode = FALSE
	EndGlobalSection
	GlobalSection(ExtensibilityGlobals) = postSolution
		SolutionGuid = {E8B79B6D-B075-47AB-A62A-4DA621983274}
	EndGlobalSection
EndGlobal
